
Microsoft Visual Studio Solution File, Format Version 12.00
# Visual Studio Version 16
VisualStudioVersion = 16.0.31702.278
MinimumVisualStudioVersion = 10.0.40219.1
Project("{9A19103F-16F7-4668-BE54-9A1E7A4F7556}") = "SBTestTask.WebApi", "WebApi\SBTestTask.WebApi.csproj", "{AE9F19D5-FD8B-4830-8F09-299CCB6917DF}"
EndProject
Project("{9A19103F-16F7-4668-BE54-9A1E7A4F7556}") = "SBTestTask.ConsoleListener", "ConsoleListener\SBTestTask.ConsoleListener.csproj", "{07E778F0-F9EE-49B4-AD8C-9CFECDD6086F}"
EndProject
Project("{9A19103F-16F7-4668-BE54-9A1E7A4F7556}") = "SBTestTask.Common", "Common\SBTestTask.Common.csproj", "{484D4161-D019-44AB-B878-EC32F86D4BC4}"
EndProject
Project("{E53339B2-1760-4266-BCC7-CA923CBCF16C}") = "docker-compose", "docker-compose.dcproj", "{99E1D2AA-6A7D-4257-8E7E-675CB1ABDA9F}"
EndProject
Project("{FAE04EC0-301F-11D3-BF4B-00C04F79EFBC}") = "SBTestTask.UnitTests", "SBTestTask.UnitTests\SBTestTask.UnitTests.csproj", "{7906C29C-07E1-44E2-A770-333F4DECECED}"
EndProject
Global
	GlobalSection(SolutionConfigurationPlatforms) = preSolution
		Debug|Any CPU = Debug|Any CPU
		Release|Any CPU = Release|Any CPU
	EndGlobalSection
	GlobalSection(ProjectConfigurationPlatforms) = postSolution
		{AE9F19D5-FD8B-4830-8F09-299CCB6917DF}.Debug|Any CPU.ActiveCfg = Debug|Any CPU
		{AE9F19D5-FD8B-4830-8F09-299CCB6917DF}.Debug|Any CPU.Build.0 = Debug|Any CPU
		{AE9F19D5-FD8B-4830-8F09-299CCB6917DF}.Release|Any CPU.ActiveCfg = Release|Any CPU
		{AE9F19D5-FD8B-4830-8F09-299CCB6917DF}.Release|Any CPU.Build.0 = Release|Any CPU
		{07E778F0-F9EE-49B4-AD8C-9CFECDD6086F}.Debug|Any CPU.ActiveCfg = Debug|Any CPU
		{07E778F0-F9EE-49B4-AD8C-9CFECDD6086F}.Debug|Any CPU.Build.0 = Debug|Any CPU
		{07E778F0-F9EE-49B4-AD8C-9CFECDD6086F}.Release|Any CPU.ActiveCfg = Release|Any CPU
		{07E778F0-F9EE-49B4-AD8C-9CFECDD6086F}.Release|Any CPU.Build.0 = Release|Any CPU
		{484D4161-D019-44AB-B878-EC32F86D4BC4}.Debug|Any CPU.ActiveCfg = Debug|Any CPU
		{484D4161-D019-44AB-B878-EC32F86D4BC4}.Debug|Any CPU.Build.0 = Debug|Any CPU
		{484D4161-D019-44AB-B878-EC32F86D4BC4}.Release|Any CPU.ActiveCfg = Release|Any CPU
		{484D4161-D019-44AB-B878-EC32F86D4BC4}.Release|Any CPU.Build.0 = Release|Any CPU
		{99E1D2AA-6A7D-4257-8E7E-675CB1ABDA9F}.Debug|Any CPU.ActiveCfg = Debug|Any CPU
		{99E1D2AA-6A7D-4257-8E7E-675CB1ABDA9F}.Debug|Any CPU.Build.0 = Debug|Any CPU
		{99E1D2AA-6A7D-4257-8E7E-675CB1ABDA9F}.Release|Any CPU.ActiveCfg = Release|Any CPU
		{99E1D2AA-6A7D-4257-8E7E-675CB1ABDA9F}.Release|Any CPU.Build.0 = Release|Any CPU
		{7906C29C-07E1-44E2-A770-333F4DECECED}.Debug|Any CPU.ActiveCfg = Debug|Any CPU
		{7906C29C-07E1-44E2-A770-333F4DECECED}.Debug|Any CPU.Build.0 = Debug|Any CPU
		{7906C29C-07E1-44E2-A770-333F4DECECED}.Release|Any CPU.ActiveCfg = Release|Any CPU
		{7906C29C-07E1-44E2-A770-333F4DECECED}.Release|Any CPU.Build.0 = Release|Any CPU
	EndGlobalSection
	GlobalSection(SolutionProperties) = preSolution
		HideSolutionNode = FALSE
	EndGlobalSection
	GlobalSection(ExtensibilityGlobals) = postSolution
		SolutionGuid = {9869A43E-3851-4F56-8EA8-2232E425B346}
	EndGlobalSection
EndGlobal
